{
  "schema_version": 1,
  "baseline": {
    "repository": "https://github.com/OpenMS/OpenMS",
    "branch": "develop",
    "commit": "ca32296038839459d8c9b075b759e285913d6294"
  },
  "packages": {
    "core": {
      "path": "packages/core",
      "repository": "https://github.com/okohlbacher/OpenMS4-core",
      "source_revision": "56b181fe33933828be11ac95be1b702a48c55247"
    },
    "cli": {
      "path": "packages/cli",
      "repository": "https://github.com/okohlbacher/OpenMS4-cli",
      "source_revision": "26002e7b687d07dc8ebbdd8fe0baa7048fad88fa"
    },
    "test-data": {
      "path": "packages/test-data",
      "repository": "https://github.com/okohlbacher/OpenMS4-test-data",
      "source_revision": "5ea5945e930fa5fe62a8d3e613ef130264a13648"
    },
    "topp": {
      "path": "packages/topp",
      "repository": "https://github.com/okohlbacher/OpenMS4-topp",
      "source_revision": "69df59d2b356f474c586bff4cfb57cc80e40626e"
    },
    "openswath": {
      "path": "packages/openswath",
      "repository": "https://github.com/okohlbacher/OpenMS4-openswath",
      "source_revision": "bcbbc146b606a96461c8d38d2a8dbfb78ff1d177"
    },
    "flash": {
      "path": "packages/flash",
      "repository": "https://github.com/okohlbacher/OpenMS4-flash",
      "source_revision": "0e5763aefd8372ce4a13b8a53320cf11d9f56753"
    },
    "desktop": {
      "path": "packages/desktop",
      "repository": "https://github.com/okohlbacher/OpenMS4-desktop",
      "source_revision": "244c23495e21486a655350858adcc5ffad242c45"
    },
    "pyopenms": {
      "path": "packages/pyopenms",
      "repository": "https://github.com/okohlbacher/OpenMS4-pyopenms",
      "source_revision": "c4ecdc77f43a456d5f75842411819a5f6687d36a"
    },
    "flashapp": {
      "path": "packages/flashapp",
      "repository": "https://github.com/okohlbacher/OpenMS4-flashapp",
      "source_revision": "b845126dc6ff17675cccd5cafea6870c4b3db805",
      "frozen_dependencies": true
    },
    "nuxl": {
      "path": "packages/nuxl",
      "repository": "https://github.com/okohlbacher/OpenMS4-nuxl",
      "source_revision": "04e17a663390851f0124faf1db62a75b51fb068d"
    },
    "prose": {
      "path": "packages/prose",
      "repository": "https://github.com/okohlbacher/OpenMS4-prose",
      "source_revision": "c5a81cbc71150a3d294dae514a66e17fe52fbeed"
    },
    "nase": {
      "path": "packages/nase",
      "repository": "https://github.com/okohlbacher/OpenMS4-nase",
      "source_revision": "30e4ecb61b32629831d523074e74fc8f4fa2e757"
    },
    "comet": {
      "path": "packages/comet",
      "repository": "https://github.com/okohlbacher/OpenMS4-comet",
      "source_revision": "14cdf1bc28bfd651f85bd69435a8cde937d193a4"
    },
    "mascot": {
      "path": "packages/mascot",
      "repository": "https://github.com/okohlbacher/OpenMS4-mascot",
      "source_revision": "73496d93cad9a2ed35969a773a7e5395214a552d"
    },
    "database-suitability": {
      "path": "packages/database-suitability",
      "repository": "https://github.com/okohlbacher/OpenMS4-database-suitability",
      "source_revision": "f146ee1c48e3381abab11e97dcf0a521e49c1564"
    },
    "proteomics-lfq": {
      "path": "packages/proteomics-lfq",
      "repository": "https://github.com/okohlbacher/OpenMS4-proteomics-lfq",
      "source_revision": "83497dd56be4889e8647cce506060fc8e8b0f012"
    },
    "parquet-diff": {
      "path": "packages/parquet-diff",
      "repository": "https://github.com/okohlbacher/OpenMS4-parquet-diff",
      "source_revision": "6fd6b42173ac3129fed8405fffdc843ff9cf1dbd"
    }
  }
}
