{
  "schema_version": 1,
  "baseline": {
    "repository": "https://github.com/OpenMS/OpenMS",
    "branch": "develop",
    "commit": "ca32296038839459d8c9b075b759e285913d6294"
  },
  "packages": {
    "core": {
      "path": "packages/core",
      "repository": "https://github.com/okohlbacher/OpenMS4-core",
      "source_revision": "21b295c9ad889b402db1e3a20f13e8d08330b61b"
    },
    "cli": {
      "path": "packages/cli",
      "repository": "https://github.com/okohlbacher/OpenMS4-cli",
      "source_revision": "a93fa142c0e51eec616e16cb91d41fa743a42ed3"
    },
    "test-data": {
      "path": "packages/test-data",
      "repository": "https://github.com/okohlbacher/OpenMS4-test-data",
      "source_revision": "a030e39ab7ef4ee8df73ea9aa83c550169919f6f"
    },
    "topp": {
      "path": "packages/topp",
      "repository": "https://github.com/okohlbacher/OpenMS4-topp",
      "source_revision": "3e1af1e14c80f0d98cef18b50519d3badb3cf96e"
    },
    "openswath": {
      "path": "packages/openswath",
      "repository": "https://github.com/okohlbacher/OpenMS4-openswath",
      "source_revision": "d10d9d13b8749eedcdf7765a2d7f73841f696267"
    },
    "flash": {
      "path": "packages/flash",
      "repository": "https://github.com/okohlbacher/OpenMS4-flash",
      "source_revision": "8125964c7c4559519c418d0fe077bbeed98c418f"
    },
    "desktop": {
      "path": "packages/desktop",
      "repository": "https://github.com/okohlbacher/OpenMS4-desktop",
      "source_revision": "af65c9cd393fb548323fbbb45f6a4bc14433b3a4"
    },
    "pyopenms": {
      "path": "packages/pyopenms",
      "repository": "https://github.com/okohlbacher/OpenMS4-pyopenms",
      "source_revision": "b4de01e1477ddea99121230bfe619c160ec47ff4"
    },
    "flashapp": {
      "path": "packages/flashapp",
      "repository": "https://github.com/okohlbacher/OpenMS4-flashapp",
      "source_revision": "f367bd3b57d5eb0f18c3161e8bb0a1b7ed396c18"
    }
  }
}
